
Microsoft Visual Studio Solution File, Format Version 12.00
# Visual Studio Version 17
VisualStudioVersion = 17.10.34707.107
MinimumVisualStudioVersion = 10.0.40219.1
Project("{FAE04EC0-301F-11D3-BF4B-00C04F79EFBC}") = "xChanger.Api", "xChanger.Api\xChanger.Api.csproj", "{CAC96B42-9478-4CD5-9A79-D96173C9A0FC}"
EndProject
Global
	GlobalSection(SolutionConfigurationPlatforms) = preSolution
		Debug|Any CPU = Debug|Any CPU
		Release|Any CPU = Release|Any CPU
	EndGlobalSection
	GlobalSection(ProjectConfigurationPlatforms) = postSolution
		{CAC96B42-9478-4CD5-9A79-D96173C9A0FC}.Debug|Any CPU.ActiveCfg = Debug|Any CPU
		{CAC96B42-9478-4CD5-9A79-D96173C9A0FC}.Debug|Any CPU.Build.0 = Debug|Any CPU
		{CAC96B42-9478-4CD5-9A79-D96173C9A0FC}.Release|Any CPU.ActiveCfg = Release|Any CPU
		{CAC96B42-9478-4CD5-9A79-D96173C9A0FC}.Release|Any CPU.Build.0 = Release|Any CPU
	EndGlobalSection
	GlobalSection(SolutionProperties) = preSolution
		HideSolutionNode = FALSE
	EndGlobalSection
	GlobalSection(ExtensibilityGlobals) = postSolution
		SolutionGuid = {8532126C-FE66-4108-9B83-AA19B74443DC}
	EndGlobalSection
EndGlobal
